
Microsoft Visual Studio Solution File, Format Version 12.00
# Visual Studio 2012
Project("{FAE04EC0-301F-11D3-BF4B-00C04F79EFBC}") = "ForeignExchangeMac", "ForeignExchangeMac\ForeignExchangeMac.csproj", "{B6416CEB-382C-43A5-90C3-426F0601F6C2}"
EndProject
Project("{FAE04EC0-301F-11D3-BF4B-00C04F79EFBC}") = "ForeignExchangeMac.iOS", "iOS\ForeignExchangeMac.iOS.csproj", "{8AA30B29-6982-43C5-9223-549E6B5C4526}"
EndProject
Project("{FAE04EC0-301F-11D3-BF4B-00C04F79EFBC}") = "ForeignExchangeMac.Droid", "Droid\ForeignExchangeMac.Droid.csproj", "{F5B5BF00-2DA2-431F-A057-37C18FE9AD8E}"
EndProject
Global
	GlobalSection(SolutionConfigurationPlatforms) = preSolution
		Debug|Any CPU = Debug|Any CPU
		Release|Any CPU = Release|Any CPU
		Debug|iPhoneSimulator = Debug|iPhoneSimulator
		Release|iPhone = Release|iPhone
		Release|iPhoneSimulator = Release|iPhoneSimulator
		Debug|iPhone = Debug|iPhone
	EndGlobalSection
	GlobalSection(ProjectConfigurationPlatforms) = postSolution
		{B6416CEB-382C-43A5-90C3-426F0601F6C2}.Debug|Any CPU.ActiveCfg = Debug|Any CPU
		{B6416CEB-382C-43A5-90C3-426F0601F6C2}.Debug|Any CPU.Build.0 = Debug|Any CPU
		{B6416CEB-382C-43A5-90C3-426F0601F6C2}.Release|Any CPU.ActiveCfg = Release|Any CPU
		{B6416CEB-382C-43A5-90C3-426F0601F6C2}.Release|Any CPU.Build.0 = Release|Any CPU
		{B6416CEB-382C-43A5-90C3-426F0601F6C2}.Debug|iPhoneSimulator.ActiveCfg = Debug|Any CPU
		{B6416CEB-382C-43A5-90C3-426F0601F6C2}.Debug|iPhoneSimulator.Build.0 = Debug|Any CPU
		{B6416CEB-382C-43A5-90C3-426F0601F6C2}.Release|iPhone.ActiveCfg = Release|Any CPU
		{B6416CEB-382C-43A5-90C3-426F0601F6C2}.Release|iPhone.Build.0 = Release|Any CPU
		{B6416CEB-382C-43A5-90C3-426F0601F6C2}.Release|iPhoneSimulator.ActiveCfg = Release|Any CPU
		{B6416CEB-382C-43A5-90C3-426F0601F6C2}.Release|iPhoneSimulator.Build.0 = Release|Any CPU
		{B6416CEB-382C-43A5-90C3-426F0601F6C2}.Debug|iPhone.ActiveCfg = Debug|Any CPU
		{B6416CEB-382C-43A5-90C3-426F0601F6C2}.Debug|iPhone.Build.0 = Debug|Any CPU
		{8AA30B29-6982-43C5-9223-549E6B5C4526}.Debug|Any CPU.ActiveCfg = Debug|iPhoneSimulator
		{8AA30B29-6982-43C5-9223-549E6B5C4526}.Debug|Any CPU.Build.0 = Debug|iPhoneSimulator
		{8AA30B29-6982-43C5-9223-549E6B5C4526}.Release|Any CPU.ActiveCfg = Release|iPhone
		{8AA30B29-6982-43C5-9223-549E6B5C4526}.Release|Any CPU.Build.0 = Release|iPhone
		{8AA30B29-6982-43C5-9223-549E6B5C4526}.Debug|iPhoneSimulator.ActiveCfg = Debug|iPhoneSimulator
		{8AA30B29-6982-43C5-9223-549E6B5C4526}.Debug|iPhoneSimulator.Build.0 = Debug|iPhoneSimulator
		{8AA30B29-6982-43C5-9223-549E6B5C4526}.Release|iPhone.ActiveCfg = Release|iPhone
		{8AA30B29-6982-43C5-9223-549E6B5C4526}.Release|iPhone.Build.0 = Release|iPhone
		{8AA30B29-6982-43C5-9223-549E6B5C4526}.Release|iPhoneSimulator.ActiveCfg = Release|iPhoneSimulator
		{8AA30B29-6982-43C5-9223-549E6B5C4526}.Release|iPhoneSimulator.Build.0 = Release|iPhoneSimulator
		{8AA30B29-6982-43C5-9223-549E6B5C4526}.Debug|iPhone.ActiveCfg = Debug|iPhone
		{8AA30B29-6982-43C5-9223-549E6B5C4526}.Debug|iPhone.Build.0 = Debug|iPhone
		{F5B5BF00-2DA2-431F-A057-37C18FE9AD8E}.Debug|Any CPU.ActiveCfg = Debug|Any CPU
		{F5B5BF00-2DA2-431F-A057-37C18FE9AD8E}.Debug|Any CPU.Build.0 = Debug|Any CPU
		{F5B5BF00-2DA2-431F-A057-37C18FE9AD8E}.Release|Any CPU.ActiveCfg = Release|Any CPU
		{F5B5BF00-2DA2-431F-A057-37C18FE9AD8E}.Release|Any CPU.Build.0 = Release|Any CPU
		{F5B5BF00-2DA2-431F-A057-37C18FE9AD8E}.Debug|iPhoneSimulator.ActiveCfg = Debug|Any CPU
		{F5B5BF00-2DA2-431F-A057-37C18FE9AD8E}.Debug|iPhoneSimulator.Build.0 = Debug|Any CPU
		{F5B5BF00-2DA2-431F-A057-37C18FE9AD8E}.Release|iPhone.ActiveCfg = Release|Any CPU
		{F5B5BF00-2DA2-431F-A057-37C18FE9AD8E}.Release|iPhone.Build.0 = Release|Any CPU
		{F5B5BF00-2DA2-431F-A057-37C18FE9AD8E}.Release|iPhoneSimulator.ActiveCfg = Release|Any CPU
		{F5B5BF00-2DA2-431F-A057-37C18FE9AD8E}.Release|iPhoneSimulator.Build.0 = Release|Any CPU
		{F5B5BF00-2DA2-431F-A057-37C18FE9AD8E}.Debug|iPhone.ActiveCfg = Debug|Any CPU
		{F5B5BF00-2DA2-431F-A057-37C18FE9AD8E}.Debug|iPhone.Build.0 = Debug|Any CPU
	EndGlobalSection
EndGlobal
